lockfileVersion: '9.0'

settings:
  autoInstallPeers: true
  excludeLinksFromLockfile: false

importers:

  .:
    dependencies:
      '@mantine/code-highlight':
        specifier: ^7.11.2
        version: 7.11.2(@mantine/core@7.11.2(@mantine/hooks@7.11.2(react@18.3.1))(@types/react@18.2.51)(react-dom@18.3.1(react@18.3.1))(react@18.3.1))(@mantine/hooks@7.11.2(react@18.3.1))(react-dom@18.3.1(react@18.3.1))(react@18.3.1)
      '@mantine/core':
        specifier: ^7.11.2
        version: 7.11.2(@mantine/hooks@7.11.2(react@18.3.1))(@types/react@18.2.51)(react-dom@18.3.1(react@18.3.1))(react@18.3.1)
      '@mantine/dropzone':
        specifier: ^7.11.2
        version: 7.11.2(@mantine/core@7.11.2(@mantine/hooks@7.11.2(react@18.3.1))(@types/react@18.2.51)(react-dom@18.3.1(react@18.3.1))(react@18.3.1))(@mantine/hooks@7.11.2(react@18.3.1))(react-dom@18.3.1(react@18.3.1))(react@18.3.1)
      '@mantine/hooks':
        specifier: ^7.11.2
        version: 7.11.2(react@18.3.1)
      '@monaco-editor/react':
        specifier: ^4.6.0
        version: 4.6.0(monaco-editor@0.50.0)(react-dom@18.3.1(react@18.3.1))(react@18.3.1)
      '@sentry/nextjs':
        specifier: ^7.118.0
        version: 7.118.0(next@14.2.10(react-dom@18.3.1(react@18.3.1))(react@18.3.1))(react@18.3.1)
      '@tanstack/react-query':
        specifier: ^4.36.1
        version: 4.36.1(react-dom@18.3.1(react@18.3.1))(react@18.3.1)
      allotment:
        specifier: ^1.20.2
        version: 1.20.2(react-dom@18.3.1(react@18.3.1))(react@18.3.1)
      axios:
        specifier: ^1.7.2
        version: 1.7.2
      dayjs:
        specifier: ^1.11.12
        version: 1.11.12
      gofmt.js:
        specifier: ^0.0.2
        version: 0.0.2
      html-to-image:
        specifier: ^1.11.11
        version: 1.11.11
      jq-web:
        specifier: ^0.5.1
        version: 0.5.1
      js-cookie:
        specifier: ^3.0.5
        version: 3.0.5
      js-yaml:
        specifier: ^4.1.0
        version: 4.1.0
      json-2-csv:
        specifier: ^5.5.4
        version: 5.5.4
      json-schema-faker:
        specifier: ^0.5.6
        version: 0.5.6
      json_typegen_wasm:
        specifier: ^0.7.0
        version: 0.7.0
      jsonc-parser:
        specifier: ^3.3.1
        version: 3.3.1
      jsonpath-plus:
        specifier: ^10.0.0
        version: 10.0.0
      jsonwebtoken:
        specifier: ^9.0.2
        version: 9.0.2
      jxon:
        specifier: 2.0.0-beta.5
        version: 2.0.0-beta.5
      lodash.debounce:
        specifier: ^4.0.8
        version: 4.0.8
      next:
        specifier: 14.2.10
        version: 14.2.10(react-dom@18.3.1(react@18.3.1))(react@18.3.1)
      next-seo:
        specifier: ^6.5.0
        version: 6.5.0(next@14.2.10(react-dom@18.3.1(react@18.3.1))(react@18.3.1))(react-dom@18.3.1(react@18.3.1))(react@18.3.1)
      next-sitemap:
        specifier: ^4.2.3
        version: 4.2.3(next@14.2.10(react-dom@18.3.1(react@18.3.1))(react@18.3.1))
      nextjs-google-analytics:
        specifier: ^2.3.7
        version: 2.3.7(next@14.2.10(react-dom@18.3.1(react@18.3.1))(react@18.3.1))(react@18.3.1)
      react:
        specifier: ^18.3.1
        version: 18.3.1
      react-compare-slider:
        specifier: ^3.1.0
        version: 3.1.0(react-dom@18.3.1(react@18.3.1))(react@18.3.1)
      react-countup:
        specifier: ^6.5.3
        version: 6.5.3(react@18.3.1)
      react-dom:
        specifier: ^18.3.1
        version: 18.3.1(react@18.3.1)
      react-hot-toast:
        specifier: ^2.4.1
        version: 2.4.1(csstype@3.1.3)(react-dom@18.3.1(react@18.3.1))(react@18.3.1)
      react-icons:
        specifier: ^5.2.1
        version: 5.2.1(react@18.3.1)
      react-json-tree:
        specifier: ^0.18.0
        version: 0.18.0(@types/react@18.2.51)(react@18.3.1)
      react-linkify-it:
        specifier: ^1.0.8
        version: 1.0.8(react@18.3.1)
      react-text-transition:
        specifier: ^3.1.0
        version: 3.1.0(react-dom@18.3.1(react@18.3.1))(react@18.3.1)
      react-zoomable-ui:
        specifier: ^0.11.0
        version: 0.11.0(react@18.3.1)
      reaflow:
        specifier: 5.2.8
        version: 5.2.8(react-dom@18.3.1(react@18.3.1))(react@18.3.1)
      styled-components:
        specifier: ^6.1.12
        version: 6.1.12(react-dom@18.3.1(react@18.3.1))(react@18.3.1)
      toml:
        specifier: ^3.0.0
        version: 3.0.0
      use-long-press:
        specifier: ^3.2.0
        version: 3.2.0(react@18.3.1)
      zustand:
        specifier: ^4.5.4
        version: 4.5.4(@types/react@18.2.51)(react@18.3.1)
    devDependencies:
      '@next/bundle-analyzer':
        specifier: ^14.2.5
        version: 14.2.5
      '@trivago/prettier-plugin-sort-imports':
        specifier: ^4.3.0
        version: 4.3.0(prettier@3.3.3)
      '@types/js-cookie':
        specifier: ^3.0.6
        version: 3.0.6
      '@types/js-yaml':
        specifier: ^4.0.9
        version: 4.0.9
      '@types/jsonwebtoken':
        specifier: ^9.0.6
        version: 9.0.6
      '@types/jxon':
        specifier: ^2.0.5
        version: 2.0.5
      '@types/node':
        specifier: ^20.14.11
        version: 20.14.11
      '@types/react':
        specifier: 18.2.51
        version: 18.2.51
      '@types/react-dom':
        specifier: ^18.3.0
        version: 18.3.0
      '@typescript-eslint/eslint-plugin':
        specifier: ^7.17.0
        version: 7.17.0(@typescript-eslint/parser@7.17.0(eslint@8.56.0)(typescript@5.3.3))(eslint@8.56.0)(typescript@5.3.3)
      eslint:
        specifier: 8.56.0
        version: 8.56.0
      eslint-config-next:
        specifier: 14.1.0
        version: 14.1.0(eslint@8.56.0)(typescript@5.3.3)
      eslint-config-prettier:
        specifier: ^9.1.0
        version: 9.1.0(eslint@8.56.0)
      eslint-plugin-prettier:
        specifier: ^5.2.1
        version: 5.2.1(eslint-config-prettier@9.1.0(eslint@8.56.0))(eslint@8.56.0)(prettier@3.3.3)
      eslint-plugin-unused-imports:
        specifier: ^3.2.0
        version: 3.2.0(@typescript-eslint/eslint-plugin@7.17.0(@typescript-eslint/parser@7.17.0(eslint@8.56.0)(typescript@5.3.3))(eslint@8.56.0)(typescript@5.3.3))(eslint@8.56.0)
      prettier:
        specifier: ^3.3.3
        version: 3.3.3
      ts-node:
        specifier: ^10.9.2
        version: 10.9.2(@types/node@20.14.11)(typescript@5.3.3)
      typescript:
        specifier: 5.3.3
        version: 5.3.3

packages:

  '@babel/code-frame@7.24.7':
    resolution: {integrity: sha512-OiYohoLQ/7UuzsKRtyUPliH0CDyNqAnOC/NwZIn9TbugxHTyz70WfsekjYcbMJtwjKzD0zw/tg6rBTWG+5b6vA==}
    engines: {node: '>=6.9.0'}

  '@babel/generator@7.17.7':
    resolution: {integrity: sha512-oLcVCTeIFadUoArDTwpluncplrYBmTCCZZgXCbgNGvOBBiSDDK3eWO4b/+eOTli5tKv1lg+a5/NAXg+nTcei1w==}
    engines: {node: '>=6.9.0'}

  '@babel/generator@7.24.10':
    resolution: {integrity: sha512-o9HBZL1G2129luEUlG1hB4N/nlYNWHnnwnqlnvgKDGQTCdOGlEDt/6tJK0GwDldZhZdO8r1JMtLjFcmt07ML0A==}
    engines: {node: '>=6.9.0'}

  '@babel/helper-environment-visitor@7.24.7':
    resolution: {integrity: sha512-cuu6Di/HJEZWNwUFfHXOvxvmmgKNVdECZlR2icgo7W9wXoRg4P9JwLY/uZzW3Iiuv+mHEilN4cwkR/yWYvjnVg==}
    engines: {node: '>=6.9.0'}

  '@babel/helper-function-name@7.24.7':
    resolution: {integrity: sha512-AnkGIdiBhEuiwdoMjdd7JcMNugpbXfA7ty+4fpjpkdPNewySBL5+Bq85zRUX3M5tsFwicQ1QN/oDmoDmM8t+3A==}
    engines: {node: '>=6.9.0'}

  '@babel/helper-hoist-variables@7.24.7':
    resolution: {integrity: sha512-QtC2b0cx7B4J52NQoRO0e6AjR6121C+dk3ODkH2wMawSflWvbgdTSJb4vQvV1k30NjzkJifdAfgdmnzUY3CPuA==}
    engines: {node: '>=6.9.0'}

  '@babel/helper-split-export-declaration@7.24.7':
    resolution: {integrity: sha512-S+bPXp0mia974s5BWzx6Sy3jgo04mZivk9hw4wxS3GNgtYF9glrh2UFNh59xBpGeB+mXdW4N7rXzmN3lAg==}
    engines: {node: '>=6.9.0'}

  '@babel/helper-string-parser@7.24.8':
    resolution: {integrity: sha512-Nw02RTltnwTxYC9HWXOZ1aZwpVLOFHDfaoCMEgX540juaTsykFGdEjmJoE5vSvScs4onEeXh5owtM5S8Lkg==}
    engines: {node: '>=6.9.0'}

  '@babel/helper-validator-identifier@7.24.7':
    resolution: {integrity: sha512-CxfpQ0hQbZBF3Ps2WyDEsGqbgr2XlgkHD4hcM6pA2NvhAIrIxGyiwX0b1+npqSHu1Xdpa4yBd3pReaKMEpjnQ==}
    engines: {node: '>=6.9.0'}

  '@babel/highlight@7.24.7':
    resolution: {integrity: sha512-Il19yJvy7vMFm8AVAh6OZzaFoAd0hbkeMZiX3P5HGD+z7dyI7RzndHB0dg6Urh/VAFfHtpOIzDUSxmY6coyZWQ==}
    engines: {node: '>=6.9.0'}

  '@babel/parser@7.24.8':
    resolution: {integrity: sha512-XJ0ef4Drry0+hpDYvX7vA99hMElUwP9ArKab1kTjvhAAzV/wuufufCU1DVP0nd3b6Uk2forE7NV03QmI+hky/w==}
    engines: {node: '>=6.0.0'}
    hasBin: true

  '@babel/runtime@7.24.8':
    resolution: {integrity: sha512-YMQLOx2BxkFw5yMQ5luMzVfGIH1kVe+ilPJ3f8UuR4n+rx58yfIk/V8t4rp4pjrEz7gV896QXJ06W1otR7+xQ==}
    engines: {node: '>=6.9.0'}

  '@babel/template@7.24.7':
    resolution: {integrity: sha512-wDBvVRBxWVix4qMIh1LDA4/id7wEDAnyE/rp1SNxlqbabWZLY80Cy7iF5d6YMGrewTj7XK6gV/t4J8hsn2xDQ==}
    engines: {node: '>=6.9.0'}

  '@babel/traverse@7.23.2':
    resolution: {integrity: sha512-azpe59SQ48qG6nu2CzcMLbxUudtN+dOM9kDbUqGq3HXUJRlo7i8fvPoxQUzYgLZ4cMVmuZgm8vvBpNeRhd6XSw==}
    engines: {node: '>=6.9.0'}

  '@babel/types@7.17.0':
    resolution: {integrity: sha512-TmKSNO4D5rzhL5bjWFcVHHLETzfQ/AmbKpKPOSjlP0WoHZ6L911fgoOKY4Alp/emzG4cHJdyN49zpgkbXFEHHw==}
    engines: {node: '>=6.9.0'}

  '@babel/types@7.24.9':
    resolution: {integrity: sha512-jJgo/W9efpLtzmwlxeQVl/jSNuDJnPgTRmV4sqr5Mlskf29+XuOYrnN9aeUoqdKhg8Uc3A3XbG0xkF9bhceWRw==}
    engines: {node: '>=6.9.0'}

  '@corex/deepmerge@4.0.43':
    resolution: {integrity: sha512-N8uEMrMPL0cu/bdboEWpQYb/0i2K5Qn8eCsxzOmxSggJbbQte7ljMRoXm917AbntqTGOzdTu+vP3KOOzoC70HQ==}

  '@cspotcode/source-map-support@0.8.1':
    resolution: {integrity: sha512-IchNf6dN4tHoMFIn/7OE8LWZ19Y6q/67Bmf6vnGREv8RSbBVb9LPJxEcnwrcwX6ixSvaiGoomAUvu4YSxXrVgw==}
    engines: {node: '>=12'}

  '@discoveryjs/json-ext@0.5.7':
    resolution: {integrity: sha512-dBVuXR082gk3jsFp7Rd/JI4kytwGHecnCoTtXFb7DB6CNHp4rg5k1bhg0nWdLGLnOV71lmDzGQaLMy8iPLY0pw==}
    engines: {node: '>=10.0.0'}

  '@emotion/is-prop-valid@0.8.8':
    resolution: {integrity: sha512-u5WtneEAr5IDG2Wv65yhunPSMLIpuKsbuOktRojfrEiEvRyC85LgPMZI63cr7NUqT8ZIGdSVg8ZKGxIug4lXcA==}

  '@emotion/is-prop-valid@1.2.2':
    resolution: {integrity: sha512-3QnhqeL+WW88YjYbQL5gUIkthuMw7a0AubARSxDuRrwv2C8FzG4qaozX+pF2g2e87wLjqcPO6k3ADp/Rp3iJ0w==}

  '@emotion/memoize@0.7.4':
    resolution: {integrity: sha512-Ja/Vfqe3HpuzRsG1oBtWTHk2PGZ7GR+2Vz5iYGelAw8dx32K0y7PjVuxK6z1nMpZOqAFsRUPCkK1YjJ56qJlgw==}

  '@emotion/memoize@0.8.1':
    resolution: {integrity: sha512-W2P2c/VRW1/1tLox0mVUalvnWXxavmv/Oum2aPsRcoDJuob75FC3Y8FbpfLwUegRcxINtGUMPq0tFCvYNTBXNA==}

  '@emotion/unitless@0.8.1':
    resolution: {integrity: sha512-KOEGMu6dmJZtpadb476IsZBclKvILjopjUii3V+7MnXIQCYh8W3NgNcgwo21n9LXZX6EDIKvqfjYxXebDwxKmQ==}

  '@eslint-community/eslint-utils@4.4.0':
    resolution: {integrity: sha512-1/sA4dwrzBAyeUoQ6oxahHKmrZvsnLCg4RfxW3ZFGGmQkSNQPFNLV9CUEFQP1x9EYXHTo5p6xdhZM1Ne9p/AfA==}
    engines: {node: ^12.22.0 || ^14.17.0 || >=16.0.0}
    peerDependencies:
      eslint: ^6.0.0 || ^7.0.0 || >=8.0.0

  '@eslint-community/regexpp@4.11.0':
    resolution: {integrity: sha512-iuezCgZzESARo29WvwNsgIm5vv1aowBQ1ZiubBH/haG4XsRrvz97rvUNUPaUjKvv92PheWYE4C8MXTHkKuTrw==}
    engines: {node: ^12.0.0 || ^14.0.0 || >=16.0.0}

  '@eslint/eslintrc@2.1.4':
    resolution: {integrity: sha512-269Z39MS6wVJtsoUl10L60WdkhJVdPG24Q4eZTH3nnF6lpvSShEK3wQjDX9JRWAUPvPh7COouPpU9IrqaZFvtQ==}
    engines: {node: ^12.22.0 || ^14.17.0 || >=16.0.0}

  '@eslint/js@8.56.0:
    resolution: {integrity: sha512-gMsVel9D7f2HLkBma9VbtzZRehRogVRfbr++f06nL2vnCGCNlzOD+/MUov/F4p8myyAHspEhVobgjpX64q5m6A==}
    engines: {node: ^12.22.0 || ^14.17.0 || >=16.0.0}

  '@floating-ui/core@1.6.5:
    resolution: {integrity: sha512-3wYZx+djuENuoOvqCpsr+cZRYVjt9WRlF9Z2bRFCorbEiAK1qHp8rhN47khHMOIHBVpVdD3Xsf8QkAGz2iaHIA==}

  '@floating-ui/dom@1.6.8:
    resolution: {integrity: sha512-QiEjz/+g07W2QH19jJCHTJvHxyj6n8QODk7CXJfUcKFO381L028LMFKhSWjNcCqvAwvbJS4+VjQh/PITBVwbRw==}

  '@floating-ui/react-dom@2.1.1':
    resolution: {integrity: sha512-jwH+9iwYPg3vXLFTGx0rK108iwT7x1oH/tudXtSf0NbaT3hz/gZINUOyuH3THCz3+t6yh+jZDJRnBcmoUkXpIw==}
    peerDependencies:
      react: '>=16.8.0'
      react-dom: '>=16.8.0'

  '@floating-ui/react@0.26.20:
    resolution: {integrity: sha512-RXiP27p64YfEa+NtOBmcTeG9Jr5K6V+7WgQxNKAz4J2gejCPQqn+a8zSuJRX8hJJzKDwZfD78YUaEHHu5eVsgg==}
    peerDependencies:
      react: '>=16.8.0'
      react-dom: '>=16.8.0'

  '@floating-ui/utils@0.2.5:
    resolution: {integrity: sha512-nHbVM7/T8w+aXBJRcVzrY3b+VFTWHsYeHBYrgshjorSpKaOsDb0p9cjS5Zi4fnxy1H8kaI29m1EN3UxYBZTHg==}

  '@humanwhocodes/config-array@0.11.14':
    resolution: {integrity: sha512-3T8LkOmg45BV5FICb15QQMsyUSWrQ8AygVfC7ZG32zOalnqrilm018ZVCw0eapXux8FtA33q8PSRSstjee3jSg==}
    engines: {node: '>=10.10.0'}
    deprecated: Use @eslint/config-array instead

  '@humanwhocodes/module-importer@1.0.1':
    resolution: {integrity: sha512-bxveV4V8v5Yb4ncFTT3rPSgZBOpCkjfK0y4oVVVJwIuDVBRMDXrPyXRL988i5ap9m9bnyEEjWfm5WkBmtffLfA==}
    engines: {node: '>=12.22'}

  '@humanwhocodes/object-schema@2.0.3:
    resolution: {integrity: sha512-b+VM2ybx5DkpGY2vv5Byec4NqQSUef/qFVuQgVxYoOsVWzsovjTiB1k3dzD591KrAbEWtboKKOP4+omW3l+QVg==}
    deprecated: Use @eslint/object-schema instead

  '@isaacs/cliui@8.0.2':
    resolution: {integrity: sha512-O8jcjabXaleOG9DQ0+ARXWZBTfnP4WNAqzuiJK7ll44AmxGKv/J2M4TPjxjY3znBCfvBXFzucm1twdyFybFqEA==}
    engines: {node: '>=12'}

  '@jridgewell/gen-mapping@0.3.5:
    resolution: {integrity: sha512-JcLgGDd8OA7043lfqde/ibF0jlH56sMbuPfQmrITd0ZHpYTHKSnQH652ShWjTqOx3OytWCGBVrbc7w6W/QO3uA==}
    engines: {node: '>=6.0.0'}

  '@jridgewell/resolve-uri@3.1.2:
    resolution: {integrity: sha512-dSYZh7HhCDtCKm4QakX0xFpsRDqjjtZf/kjI/v3T3Nwt5r8/qz/M19F9ySyOqU94SXBmeG9ttTul+YnR4LOxFA==}
    engines: {node: '>=6.0.0'}
```
</rewritten_file>

  '@jridgewell/set-array@1.2.1':
    resolution: {integrity: sha512-R8gLRTZeyp03ymzP/6Lil/28tGeGEzhx1q2k703KGWRAI1VdvPIXdG70VJc2pAMw3NA6JKL5hhFu1sJX0Mnn/A==}
    engines: {node: '>=6.0.0'}

  '@jridgewell/sourcemap-codec@1.5.0':
    resolution: {integrity: sha512-3gBJlYLEQ0cwlJpcUVnXl5zK3wOlbtj8MoiWf0jhea8AvE9ZI00MX2GawRDz6+/QV6flXQEOFImgs+KdBIuRRg==}

  '@jridgewell/trace-mapping@0.3.25':
    resolution: {integrity: sha512-3Belt6tdc8bPgAtbcmdtNJlirVoTmEb5e2gC94PnkwEW9jI6CAHUeoG85tjWP5WquqfavoMtMwiG4P926ZKKuQ==}

  '@jridgewell/trace-mapping@0.3.9':
    resolution: {integrity: sha512-3Belt6tdc8bPgAtbcmdtNJlirVoTmEb5e2gC94PnkwEW9jI6CAHUeoG85tjWP5WquqfavoMtMwiG4PgIDr7qgA==}

  '@jsep-plugin/assignment@1.2.1':
    resolution: {integrity: sha512-gaHqbubTi29aZpVbBlECRpmdia+L5/lh2BwtIJTmtxdbecEyyX/ejAOg7eQDGNvGOUmPY7Z2Yxdy9ioyH/VJeA==}
    engines: {node: '>= 10.16.0'}
    peerDependencies:
      jsep: ^0.4.0||^1.0.0

  '@jsep-plugin/regex@1.0.3':
    resolution: {integrity: sha512-XfZgry4DwEZvSFtS/6Y+R48D7qJYJK6R9/yJFyUFHCIUMEEHuJ4X95TDgJp5QkmzfLYvapMPzskV5HpIDrREug==}
    engines: {node: '>= 10.16.0'}
    peerDependencies:
      jsep: ^0.4.0||^1.0.0

  '@juggle/resize-observer@3.4.0':
    resolution: {integrity: sha512-dfLbk+PwWvFzSxwk3n5ySL0hfBog779o8h68wK/7/APo/7cgyWp5jcXockbxdk5kFRkbeXWm4Fbix97q/BEfg==}

  '@ljharb/resumer@0.0.1':
    resolution: {integrity: sha512-skQiAOrCfO7vRTq53cqGTlhbJIKbi3VOkuiEHNyV2N5EwckWFvLX/xm4ICB658/np7DqywXU38Qrkyry6PPxHQ==}
    engines: {node: '>= 0.4'}

  '@ljharb/through@2.3.13':
    resolution: {integrity: sha512-/ps5Z40iWZf90ua1RurjI39mghv37JmKpzLUBumPcnRCWdCh+uUNwx/JbBnAdWunRgUVNioSoLaFDO/KuRdEuA==}
    engines: {node: '>= 0.4'}

  '@mantine/code-highlight@7.11.2':
    resolution: {integrity: sha512-9q4p4LDbuuUhQ8GjzmI/Ven2Jxj/fGzJB/yJFhCIUMEEHuJ4X95TDgJp5QkmzfLYvapMPzskV5HpIDrREugQQ==}
    peerDependencies:
      '@mantine/core': 7.11.2
      '@mantine/hooks': 7.11.2
      react: ^18.2.0
      react-dom: ^18.2.0

  '@mantine/core@7.11.2':
    resolution: {integrity: sha512-T64RjdgY8UPAv249miW1lQyPPot1JbCcKKsAZMNQHgcktxtTCPHBQ99/5hf9ihvYpCZ8zhDq0ouXWnO+GNBcAQ==}
    peerDependencies:
      '@mantine/hooks': 7.11.2
      react: ^18.2.0
      react-dom: ^18.2.0

  '@mantine/dropzone@7.11.2':
    resolution: {integrity: sha512-/X29ym1uM1ca7ZMLVSSxm9KBbDNIpXBwZbzNIpopH0hxjbo2bSpPTbNUVB3EjRAVWDx9RGlyNxQV2jkhCos7QQ==}
    peerDependencies:
      '@mantine/core': 7.11.2
      '@mantine/hooks': 7.11.2
      react: ^18.2.0
      react-dom: ^18.2.0

  '@mantine/hooks@7.11.2':
    resolution: {integrity: sha512-jhyVe/sbDEG2U8rr2lMecUPgQxcfr5hlj0q2BwtIJTbmrTCjpM2riJKcu2jHX3kZQjh8UKfOWwOKgjNm7ffdGQ==}
    peerDependencies:
      react: ^18.2.0

  '@monaco-editor/loader@1.4.0':
    resolution: {integrity: sha512-00ioBig0x642hytVspPl7DbQyaSWRaolYie/UFNjoTdvoKPzo6xrXLhTk9ixgIKcLH5b5vDOjVNiGyY+uDCUlg==}
    peerDependencies:
      monaco-editor: '>= 0.21.0 < 1'

  '@monaco-editor/react@4.6.0':
    resolution: {integrity: sha512-RFkU9/i7cN2bsq/iTkurMWOEErmYcY6JiQI3Jn+WeR/RxQTHAag1YiVNSCkEcgnoh13/XO2iKU17SYawCL8QA==}
    peerDependencies:
      monaco-editor: '>= 0.25.0 < 1'
      react: ^16.8.0 || ^17.0.0 || ^18.0.0
      react-dom: ^16.8.0 || ^17.0.0 || ^18.0.0

  '@next/bundle-analyzer@14.2.5':
    resolution: {integrity: sha512-BtBbI8VUNb7s4m9ut6CkeJ8HyQiVTnH3NEeTB9wbgJsTjX3XPX47Zkkdr1XMs5TgTiTzHbxGHHdJHlZi9T5mTQ==}

  '@next/env@13.5.7':
    resolution: {integrity: sha512-uVuRqoj28Ys/AI/5gVEgRAISd0KWI0HHXp4HawxwNx3x/MQ54zUAhDQnh9V49Ejb4n7dIl4+QthT2DQt0mD79g==}

  '@next/env@14.2.10':
    resolution: {integrity: sha512-dZIu93Bf5LUtluBXIv4hCgQ1L/NJj9kWdXKGoRcLVcIkjkjUDIf/b+ylzGK4864mwPmW034ACej1RmSpUk7Tsg==}

  '@next/eslint-plugin-next@14.1.0':
    resolution: {integrity: sha512-x4FavbNEeXj+HXy5K/SJxHx+nkPg3xyFgg7U660DujxujbWl3xq5vNdMc8hbKiVuaaIwB4Qh3VlqxV/gMr8g4Bg==}

  '@next/swc-darwin-arm64@14.2.10':
    resolution: {integrity: sha512-Y375tYJyF58uwKdKLXe+uWQOcrGjZS91hCQREpv2FRTjiqxuE2rTnlB53g0/ffemPOcrVUxa/ShWMyQbQ3CQYw==}
    engines: {node: '>= 10'}
    cpu: [arm64]
    os: [darwin]

  '@next/swc-darwin-x64@14.2.10':
    resolution: {integrity: sha512-Qkd8jYn/2SQJ47NxDqB+yhJ20MUPNKS0TNtUCD89o42WO+Zjnwv4clpoMt0djm/qVZjEFjVZYWs1YmW06PSRog==}
    engines: {node: '>= 10'}
    cpu: [x64]
    os: [darwin]

  '@next/swc-linux-arm64-gnu@14.2.10':
    resolution: {integrity: sha512-kzqJzg6cj7RwW2gJ5j3WfYiEJCaMtK9iqljfWu86EdHUjIgfF277kswXCP8iHQ61WRiBmS3RjbLyhb/EDpOP/g==}
    engines: {node: '>= 10'}
    cpu: [arm64]
    os: [linux]

  '@next/swc-linux-arm64-musl@14.2.10':
    resolution: {integrity: sha512-IcPpLWm/OI5m1w5OObajYjvTqFO6DRLcJBVdGV5nDO3mx4VAP5qht7x2LWkK0xLve2e4Qx9B+rZytSk6v+lr1g==}
    engines: {node: '>= 10'}
    cpu: [arm64]
    os: [linux]

  '@next/swc-linux-x64-gnu@14.2.10':
    resolution: {integrity: sha512-97/sUJVZ16PcSKVAO/PqdNBoEsRpXu/+3m4Ot5t3Vk/vBv2wDxzdkZiN9dqYAp9mB/hxDpi6QAjp+y4tgZ8sA==}
    engines: {node: '>= 10'}
    cpu: [x64]
    os: [linux]

  '@next/swc-linux-x64-musl@14.2.10':
    resolution: {integrity: sha512-sfJXak7BHFK10UCcmQMnHxZZWyVcXjlNrAW2GosSNyH8FbOWPysBWl+P6IAvjIyliJDBf4aNbVhdT2gQG5MCJw==}
    engines: {node: '>= 10'}
    cpu: [x64]
    os: [linux]

  '@next/swc-win32-arm64-msvc@14.2.10':
    resolution: {integrity: sha512-70/n2Bo7M7cJDvwObumU/302IcLoZP7sj06+XQP/R5Qr3vJJNWTGIO3EKBjrNHYOTp1XjY/bFGd7WnjLU/QlQ==}
    engines: {node: '>= 10'}
    cpu: [arm64]
    os: [win32]

  '@next/swc-win32-ia32-msvc@14.2.10':
    resolution: {integrity: sha512-5VEKOyWAu/tnSltC+p01i/D/pqWNV+MDYYOM1ItdxhYX0bi+I+4+QlAgZOj1cRUY6wJ99hLGDM/uLjwjB9rb7g==}
    engines: {node: '>= 10'}
    cpu: [ia32]
    os: [win32]

  '@next/swc-win32-x64-msvc@14.2.10':
    resolution: {integrity: sha512-o2+/h6jJA9PouBGSt5Mhak/DYEBOYcnrX/z/ETc3SZYXfXXlZCVT4r2TNgphjGxXiJD0t6VUEt6VNJuGHUW6rw==}
    engines: {node: '>= 10'}
    cpu: [x64]
    os: [win32]

  '@nodelib/fs.scandir@2.1.5':
    resolution: {integrity: sha512-vq24Bq3ym5HEQm2NKCr3yXDwjc7vTsEThRDnkp2DK9p1uqLR+DHurm/NOTo0KG7HYHU7eppKZj3MyqYuMBf62g==}
    engines: {node: '>= 8'}

  '@nodelib/fs.stat@2.0.5':
    resolution: {integrity: sha512-RkhPPp2zrqDAQA/2jNhnztcPAlv64XdhIp7a7454A5ovI7Bukxgt7MX7udwAu3zg1DcpPU0rz3VV1SeaqvY4+A==}
    engines: {node: '>= 8'}

  '@nodelib/fs.walk@1.2.8':
    resolution: {integrity: sha512-oGB+UxlgWcgQkgwo8GcEGwemoTFt3FIO9ababBmaGwXIoBKZ+GTy0pP185beGg7Llih/NSHSV2XAs1lnznocSg==}
    engines: {node: '>= 8'}

  '@pkgjs/parseargs@0.11.0':
    resolution: {integrity: sha512-+1VkjdD0QBLPodGrJUeqarH8VAIvQODIbwh9XpP5Syisf7YoQgsJKPNFoqqLQlu+VQ/tVSshMR0loajVrOXXsq==}
    engines: {node: '>=14'}

  '@pkgr/core@0.1.1':
    resolution: {integrity: sha512-cq8o4cWH0ibXh9VGi5P20Tu9XF/0fFXl9EUinr9QfTM7a7p0oTA4iJRCQWppXR1Pg8dSM0UCItCkPwsk9qWWYA==}
    engines: {node: ^12.20.0 || ^14.18.0 || >=16.0.0}

  '@polka/url@1.0.0-next.25':
    resolution: {integrity: sha512-3B3iCHdb9d1+vBM2Bj50NUEFOxJE0ytaYs0WTFyJKbwI60IR6fmI1a8c2nP9ebpjkVEmWIbOAk07IgFcb8uz+A==}

  '@react-spring/animated@9.7.4':
    resolution: {integrity: sha512-7As+8Pty2QlemjPneNkKm+5QEBLXv56tBqc0//QIJd9/XixKOcZ8h3mRqFfmXMZoqpwM4SkOq+knf/kUXLw65A==}
    peerDependencies:
      react: ^16.8.0 || ^17.0.0 || ^18.0.0

  '@react-spring/core@9.7.4':
    resolution: {integrity: sha512-Uz56psfiRYCNfpk8BE93N1GrFfvv4aPxjjJZUgb+zB6B0Yo9ewBDuUMiNwvj3kc6IrT/8j1Yx6vLkO21L+F7Q==}
    peerDependencies:
      react: ^16.8.0 || ^17.0.0 || ^18.0.0

  '@react-spring/rafz@9.7.4':
    resolution: {integrity: sha512-5h2UZqXvcORCw8/KzylpVAA5LhTuJkZdf/858VmOy/E0psumFSM0a1KCbewbbPH2rWpxlch7I+/QB0tCpgbhhg==}

  '@react-spring/shared@9.7.4':
    resolution: {integrity: sha512-RWkZyPxZO/CXp5+i06NNwgbiTcwBkMkp98wDoa2lJMP6iP/av8YRwX2lVdf6nXWQ7i5ujYLZkR7WuQdKQhj9xw==}
    peerDependencies:
      react: ^16.8.0 || ^17.0.0 || ^18.0.0

  '@react-spring/types@9.7.4':
    resolution: {integrity: sha512-Kpx/fLBegV+9tJ4sOJ+Ca/+wk8ZUT/fjxQgUWH/NPEVW0aTP9I90sDxTU8TxT63AgtKu4RISjJ/I8xVbIQ+jnA==}

  '@react-spring/web@9.7.4':
    resolution: {integrity: sha512-UCZZAjzqiXrtofFJdwJNFGcMp/Tj5qhHdfv+otHh/hkZ3Bo6WZ0++zoZuIOsqP17KgWtsJBjOjeAK/cLCBfXw==}
    peerDependencies:
      react: ^16.8.0 || ^17.0.0 || ^18.0.0
      react-dom: ^16.8.0 || ^17.0.0 || ^18.0.0

  '@rollup/plugin-commonjs@24.0.0':
    resolution: {integrity: sha512-0b/gB6TYARKn9BrakN28kOWhkxv0zFu78wrGwC3GJJV2rx+XOeQX/KWbQyVDPtcgpw5xAZItOaZRSvkMN6Ntxg==}
    engines: {node: '>=14.0.0'}
    peerDependencies:
      rollup: ^2.68.0||^3.0.0
    peerDependenciesMeta:
      rollup:
        optional: true

  '@rollup/pluginutils@5.1.0':
    resolution: {integrity: sha512-XTIWOPPcpvyKI6L1NHo0lFlCyznUEyPmPY1mc3KpPVDYulHSTvyeLNVW00QTLIAFNhR3kYnJTQHeGqU4M3n09g==}
    engines: {node: '>=14.0.0'}
    peerDependencies:
      rollup: ^1.20.0||^2.0.0||^3.0.0||^4.0.0
    peerDependenciesMeta:
      rollup:
        optional: true

  '@rushstack/eslint-patch@1.10.3':
    resolution: {integrity: sha512-Oc5CX+ZC41JwEIsdLJjrRAXoQTTPtwBPck6XbjaT5SLQRwixRCr9jTBiNNciyMtWRHj5KZc4SnLiZqJ8qNfgvA==}

  '@sentry-internal/feedback@7.118.0':
    resolution: {integrity: sha512-IYOGRcqIqKJJpMwBPf+0JTu0FPpXnakJYvOx/XEa/SNyF5+l7b9gGEjUVWh1ok50kTLW/XPnpnXNAGQcoKHg+w==}
    engines: {node: '>=12'}

  '@sentry-internal/replay-canvas@7.118.0':
    resolution: {integrity: sha512-x0UjfjZu7RqhIwvQnqGjMJ1DdNcRlHuJ+XzRrD2iZqQYJ0IjyXyBXOZr/Y/1rjx+wYZvuG/mWv8VvZmW43F4Q==}
    engines: {node: '>=12'}

  '@sentry-internal/tracing@7.118.0':
    resolution: {integrity: sha512-dERAshKl8S7YvPqiPwJrQ+kXhZ0JZFu2Pcskl0d8Nqzjx1ClnjVeDcw8rQJwNDEimdKH4r4xyM586s8YS2jgLA==}
    engines: {node: '>=8'}

  '@sentry/browser@7.118.0':
    resolution: {integrity: sha512-8onDOFV1VLEoBuqA5yaJeR3FF1JNuu0FqNcPgTcDq3hzQm0cwYmU2A0rk0aV1KtuLbzfJLn6rQiVeRrJg+Kn8A==}
    engines: {node: '>=8'}

  '@sentry/cli@1.77.3:
    resolution: {integrity: sha512-c3eDqcDRmy4TFz2bFU5Y6QatlpoBPPa8cW/q5ZdRNcHk58+L3Hq1hk50gWvA75Qp1YlQcpMtKssjxUWleAA/w==}
    engines: {node: '>= 8'}
    hasBin: true

  '@sentry/core@7.118.0':
    resolution: {integrity: sha512-ol0XTBJcwJJxQe1N185dBwvhgaq5hzCQFuGJRqD+WZQpQ7b32a6KWyNuZ3aCXO+y6MmwoJdXQWa6IjQcQ83lMw==}
    engines: {node: '>=8'}

  '@sentry/integrations@7.118.0':
    resolution: {integrity: sha512-C2rR4NvIMjocGs4xOo45ZQAJlX3rCxZzYRqyHmWXW4yRlmtjtXtX2XiJzjrVy1FwNhFcwz9LQHEEZHlfk+NrvQ==}
    engines: {node: '>=8'}

  '@sentry/nextjs@7.118.0':
    resolution: {integrity: sha512-UFhg4QSZ6LqOKTU67kgjej23ZqoIgB1fjwOS6S10d5LKdbz7POwrNwHqi+aB3YIqyrSvRtFCXA+8mmsE0QoqA==}
    engines: {node: '>=8'}
    peerDependencies:
      next: ^10.0.8 || ^11.0 || ^12.0 || ^13.0 || ^14.0
      react: 16.x || 17.x || 18.x
      webpack: '>= 4.0.0'
    peerDependenciesMeta:
      webpack:
        optional: true

  '@sentry/node@7.118.0':
    resolution: {integrity: sha512-79N63DvYKcNU05iYyV5DjCvNkpiu2HKDIxWG1kNLgCzM+VlEKTCuXCep00VVCOn18iNQBdtLLi4yGO4H4JJT+w==}
    engines: {node: '>=8'}

  '@sentry/react@7.118.0':
    resolution: {integrity: sha512-oEYe5TGk8S7YzPsFqDjoeNwCq3Ih1LcqBCFNC/NzZS9/XS+xkQ/uFPxwMZFyjp5+8+LgWfVKV2p/ZH/Lg+J8EA==}
    engines: {node: '>=8'}
    peerDependencies:
      react: 15.x || 16.x || 17.x || 18.x

  '@sentry/replay@7.118.0':
    resolution: {integrity: sha512-boQfCL+1L/tSZ9HhNZmMZMwzTLg0q7FPl8j7mMmMx/Y+Q/Z+BJm/qwN8ZhaE+7mll5UdkQPw3xJ1j5k7jl0H6A==}
    engines: {node: '>=12'}

  '@sentry/types@7.118.0':
    resolution: {integrity: sha512-2drqrD2+yyq+YjP4mXyJwY8tj0jC6t9ybb16nwW6Ef6OHMx+58ZgNOAQYtIWuB1QVi/Jc7e6/M0aTxO89JQpqQ==}
    engines: {node: '>=8'}

  '@sentry/utils@7.118.0':
    resolution: {integrity: sha512-43qItc/ydxZV1Zb3Kn2M54RvQJ0bfj0b13GdX8TdQf331bdxiR/kYxk0c9KTMHdVfVWq4YlR4k0Rjug/bVXVhQ==}
    engines: {node: '>=8'}

  '@sentry/vercel-edge@7.118.0':
    resolution: {integrity: sha512-DclIpD0/Xi0kNeT97aFFtMLBzk3GFZXf9mpGgbx29Gt9Vt7Fq5jcXfSXH0eYQlXLJQrGjU0rFyvh7Gt9D9DQfw==}
    engines: {node: '>=8'}

  '@sentry/webpack-plugin@1.21.0':
    resolution: {integrity: sha512-x0PYIMWcsTauqxgl7vWUY6sANl+XGKtx7DCVnvgK2nq9d1kCxPr1gJFR4iUShdEeSZXQniwzMXGdU9Pg9/u1g==}
    engines: {node: '>= 8'}

  '@swc/counter@0.1.3':
    resolution: {integrity: sha512-xVomR/sBkjaXjrQkfB+gmsjGNZTWoy+LB56OSrWj7uljKTK6yBFI60i/I2UDwOt6FUBP0hI64UC46A+zACv32g==}

  '@swc/helpers@0.5.5':
    resolution: {integrity: sha512-lUgN1YjaNA0P27WttANIT6XmVnPD20UhdtKYmXXodM9oi5w/c5BciujGcELjoIG/lxMvTj9+SiaKGRkHaGnug==}

  '@tanstack/query-core@4.36.1':
    resolution: {integrity: sha512-DJSilV5+ytBPkjeiswSMycFRj64igmjPS3xN7jRH1DETtyilZpivFuHGACxxFSPvG1jhzcVoduVGeRKbWB2oA==}

  '@tanstack/react-query@4.36.1':
    resolution: {integrity: sha512-y7ySVHFyyQblPl3J3eQBWpXZkliroki3ARnBKsdJchlgt7yJLRDUcf4B8soufgiYt3pEQIkBWBx1N9/ZPIeUWw==}
    peerDependencies:
      react: ^16.8.0 || ^17.0.0 || ^18.0.0
      react-dom: ^16.8.0 || ^17.0.0 || ^18.0.0
      react-native: '*'
    peerDependenciesMeta:
      react-dom:
        optional: true
      react-native:
        optional: true

  '@trivago/prettier-plugin-sort-imports@4.3.0':
    resolution: {integrity: sha512-r3n0onD3BTOVUNPhR4lhVK4/pABGpbA7bW3eUM3iZLgYcmt4uVAz4Z/cXRu3RnUzBQzTosHm/AEH0eLhYvOCzQ==}
    peerDependencies:
      '@vue/compiler-sfc': 3.x
      prettier: 2.x - 3.x
    peerDependenciesMeta:
      '@vue/compiler-sfc':
        optional: true

  '@tsconfig/node10@1.0.11':
    resolution: {integrity: sha512-D0mNy3dZ08UD0/oZqYCkNSLdlpLWjBx18zw9o6Yy4ugv7TiBwaz5Q4/o6kQyIlLOBldhjhkQjHrtLcKrEsiZVQ==}

  '@tsconfig/node12@1.0.11':
    resolution: {integrity: sha512-cqefuRsh12pWjGH811J/Gt79XltZOVYjezi8oeiuEgxj9ipamo3bStzpLrIhUjl0JrnKvNPBEp/GWJ6lQr8MEA==}

  '@tsconfig/node14@1.0.3':
    resolution: {integrity: sha512-ysT8mhdixWK6Hw3i1V2AeRqZ5WfXg1G43mqoYlM2nc6388Fq5jcXyr5mRsqViLx/GJYdoL0bfXD8nmF+Zn/Iow==}

  '@tsconfig/node16@1.0.4':
    resolution: {integrity: sha512-vxhUy4J8lyeyinH7Azl1pdd43GJhZH/tP2weN8TntQblOY+A0XbT8DJk1/oCPuOOyg/Ja757rG0CgHcWC8OfMA==}

  '@types/base16@1.0.5':
    resolution: {integrity: sha512-Oj6aB9n9dDt7NqSQZo+rjZoCnRZVUlK63OgRgTz9f/PpCUGzMSiCwVx3dVUnW7fSc6XVoxO54uSATUkPzP+Ug==}

  '@types/estree@1.0.5':
    resolution: {integrity: sha512-/kYRxGDLWzHOB7q+wtSUQlFrtcdUccpfy+X+9iMBpHK8QLLhx2wIPYuS5DYtR9Wa/YlZAbIovy7qVdB1Aq6Lyw==}

  '@types/js-cookie@3.0.6':
    resolution: {integrity: sha512-wkw9yd1kEXOPnvEeEV1Go1MxkY4VkMSlHpda4ea8BouLxwV2Nz9vNv3GjjRss/l1wDkGbV4tdw10HprckaQAtw==}

  '@types/js-yaml@4.0.9':
    resolution: {integrity: sha512-k4MGaQl5TGo/iipqb2UDG2UwjZzi0SLpLuZzlq/IK1YPAQNJlh4+5iUvLf/rWouAUgnCw/EosIDwKDqgvCDdLg==}

  '@types/json5@0.0.29':
    resolution: {integrity: sha512-dRLjCWHYg4oaA7oOEEllaqNf+pYY89uZntloPyjlFaehJY9B48mbzksRpo4quBFwR7zN00vY4ykvR47RdRJ6Zw==}

  '@types/jsonwebtoken@9.0.6':
    resolution: {integrity: sha512-KbGllzYvugq76+rMn++A5rL5/A+i4rTkDkYQolNZWHPPa+avhW+r01nsTv0JjGqDuemzfKWJPc+vONdAdlnzQ==}

  '@types/jxon@2.0.5':
    resolution: {integrity: sha512-Ny7Rt/2RQlYqw+jv+lJq7KXM/+f+QRcZu/4SqjFxHc+Hl7Y2bA0jTs/8Wj1UcRlG+8BpTNZjEfKj+x+BqESOw==}

  '@types/lodash@4.17.7':
    resolution: {integrity: sha512-/QOxl+4rAL9zhkoyV0yNiw+uZxVxu7/0kwvvHXN9pTaN7BhV7B3q93Nr8SfjRC94JaaPrrkBBlJBzJ2Sp7XNBQ==}
```
</rewritten_file>
